Microsoft Visual Studio Solution File, Format Version 11.00
# Visual Studio 2008

Project("{5171A330-B7AF-1412-0D38-F5EA61AB09F4}") = "DJLeapOculus", "Assembly-CSharp-firstpass.csproj", "{F5EFCB4A-7C27-88A3-6155-C30083BB86E2}"
EndProject
Project("{5171A330-B7AF-1412-0D38-F5EA61AB09F4}") = "DJLeapOculus", "Assembly-CSharp.csproj", "{3701E2CA-F3C9-7174-5744-FD3105F5F47A}"
EndProject
Project("{5171A330-B7AF-1412-0D38-F5EA61AB09F4}") = "DJLeapOculus", "Assembly-CSharp-Editor.csproj", "{6E0246C6-B750-FDD7-8BC6-54A7D551EF5E}"
EndProject
Project("{5171A330-B7AF-1412-0D38-F5EA61AB09F4}") = "DJLeapOculus", "Assembly-UnityScript-firstpass.unityproj", "{8D612BF9-3FFF-49A7-EDCB-5AD6216A1C0D}"
EndProject
Project("{5171A330-B7AF-1412-0D38-F5EA61AB09F4}") = "DJLeapOculus", "Assembly-UnityScript.unityproj", "{A74AE83B-690F-B5C5-2C86-3343F8F95B49}"
EndProject
Global
	GlobalSection(SolutionConfigurationPlatforms) = preSolution
		Debug|Any CPU = Debug|Any CPU
		Release|Any CPU = Release|Any CPU
	EndGlobalSection
	GlobalSection(ProjectConfigurationPlatforms) = postSolution
		{F5EFCB4A-7C27-88A3-6155-C30083BB86E2}.Debug|Any CPU.ActiveCfg = Debug|Any CPU
		{F5EFCB4A-7C27-88A3-6155-C30083BB86E2}.Debug|Any CPU.Build.0 = Debug|Any CPU
		{F5EFCB4A-7C27-88A3-6155-C30083BB86E2}.Release|Any CPU.ActiveCfg = Release|Any CPU
		{F5EFCB4A-7C27-88A3-6155-C30083BB86E2}.Release|Any CPU.Build.0 = Release|Any CPU
		{3701E2CA-F3C9-7174-5744-FD3105F5F47A}.Debug|Any CPU.ActiveCfg = Debug|Any CPU
		{3701E2CA-F3C9-7174-5744-FD3105F5F47A}.Debug|Any CPU.Build.0 = Debug|Any CPU
		{3701E2CA-F3C9-7174-5744-FD3105F5F47A}.Release|Any CPU.ActiveCfg = Release|Any CPU
		{3701E2CA-F3C9-7174-5744-FD3105F5F47A}.Release|Any CPU.Build.0 = Release|Any CPU
		{6E0246C6-B750-FDD7-8BC6-54A7D551EF5E}.Debug|Any CPU.ActiveCfg = Debug|Any CPU
		{6E0246C6-B750-FDD7-8BC6-54A7D551EF5E}.Debug|Any CPU.Build.0 = Debug|Any CPU
		{6E0246C6-B750-FDD7-8BC6-54A7D551EF5E}.Release|Any CPU.ActiveCfg = Release|Any CPU
		{6E0246C6-B750-FDD7-8BC6-54A7D551EF5E}.Release|Any CPU.Build.0 = Release|Any CPU
		{8D612BF9-3FFF-49A7-EDCB-5AD6216A1C0D}.Debug|Any CPU.ActiveCfg = Debug|Any CPU
		{8D612BF9-3FFF-49A7-EDCB-5AD6216A1C0D}.Debug|Any CPU.Build.0 = Debug|Any CPU
		{8D612BF9-3FFF-49A7-EDCB-5AD6216A1C0D}.Release|Any CPU.ActiveCfg = Release|Any CPU
		{8D612BF9-3FFF-49A7-EDCB-5AD6216A1C0D}.Release|Any CPU.Build.0 = Release|Any CPU
		{A74AE83B-690F-B5C5-2C86-3343F8F95B49}.Debug|Any CPU.ActiveCfg = Debug|Any CPU
		{A74AE83B-690F-B5C5-2C86-3343F8F95B49}.Debug|Any CPU.Build.0 = Debug|Any CPU
		{A74AE83B-690F-B5C5-2C86-3343F8F95B49}.Release|Any CPU.ActiveCfg = Release|Any CPU
		{A74AE83B-690F-B5C5-2C86-3343F8F95B49}.Release|Any CPU.Build.0 = Release|Any CPU
	EndGlobalSection
	GlobalSection(SolutionProperties) = preSolution
		HideSolutionNode = FALSE
	EndGlobalSection
																																																																GlobalSection(MonoDevelopProperties) = preSolution
		StartupItem = Assembly-CSharp.csproj
		Policies = $0
		$0.TextStylePolicy = $1
		$1.inheritsSet = null
		$1.scope = text/x-csharp
		$0.CSharpFormattingPolicy = $2
		$2.inheritsSet = Mono
		$2.inheritsScope = text/x-csharp
		$2.scope = text/x-csharp
		$0.TextStylePolicy = $3
		$3.FileWidth = 120
		$3.TabWidth = 4
		$3.EolMarker = Unix
		$3.inheritsSet = Mono
		$3.inheritsScope = text/plain
		$3.scope = text/plain
	EndGlobalSection

EndGlobal
